
Microsoft Visual Studio Solution File, Format Version 12.00
# Visual Studio Version 16
VisualStudioVersion = 16.0.30611.23
MinimumVisualStudioVersion = 10.0.40219.1
Project("{FAE04EC0-301F-11D3-BF4B-00C04F79EFBC}") = "AQA 04", "AQA 04\AQA 04.csproj", "{492FEFCF-E956-4A3E-AAE1-56A12AC4EA02}"
EndProject
Global
	GlobalSection(SolutionConfigurationPlatforms) = preSolution
		Debug|Any CPU = Debug|Any CPU
		Release|Any CPU = Release|Any CPU
	EndGlobalSection
	GlobalSection(ProjectConfigurationPlatforms) = postSolution
		{492FEFCF-E956-4A3E-AAE1-56A12AC4EA02}.Debug|Any CPU.ActiveCfg = Debug|Any CPU
		{492FEFCF-E956-4A3E-AAE1-56A12AC4EA02}.Debug|Any CPU.Build.0 = Debug|Any CPU
		{492FEFCF-E956-4A3E-AAE1-56A12AC4EA02}.Release|Any CPU.ActiveCfg = Release|Any CPU
		{492FEFCF-E956-4A3E-AAE1-56A12AC4EA02}.Release|Any CPU.Build.0 = Release|Any CPU
	EndGlobalSection
	GlobalSection(SolutionProperties) = preSolution
		HideSolutionNode = FALSE
	EndGlobalSection
	GlobalSection(ExtensibilityGlobals) = postSolution
		SolutionGuid = {CCA64B6C-D01C-425E-915B-FB5569F61730}
	EndGlobalSection
EndGlobal
