
Microsoft Visual Studio Solution File, Format Version 12.00
# Visual Studio Version 16
VisualStudioVersion = 16.0.30611.23
MinimumVisualStudioVersion = 10.0.40219.1
Project("{FAE04EC0-301F-11D3-BF4B-00C04F79EFBC}") = "Overload", "Lab2\Overload.csproj", "{D9ED35B7-CD4B-4956-8A74-F44F14185655}"
EndProject
Global
	GlobalSection(SolutionConfigurationPlatforms) = preSolution
		Debug|Any CPU = Debug|Any CPU
		Release|Any CPU = Release|Any CPU
	EndGlobalSection
	GlobalSection(ProjectConfigurationPlatforms) = postSolution
		{D9ED35B7-CD4B-4956-8A74-F44F14185655}.Debug|Any CPU.ActiveCfg = Debug|Any CPU
		{D9ED35B7-CD4B-4956-8A74-F44F14185655}.Debug|Any CPU.Build.0 = Debug|Any CPU
		{D9ED35B7-CD4B-4956-8A74-F44F14185655}.Release|Any CPU.ActiveCfg = Release|Any CPU
		{D9ED35B7-CD4B-4956-8A74-F44F14185655}.Release|Any CPU.Build.0 = Release|Any CPU
	EndGlobalSection
	GlobalSection(SolutionProperties) = preSolution
		HideSolutionNode = FALSE
	EndGlobalSection
	GlobalSection(ExtensibilityGlobals) = postSolution
		SolutionGuid = {1A2B91E4-7111-4ACC-AB98-796839225A4A}
	EndGlobalSection
EndGlobal
