
Microsoft Visual Studio Solution File, Format Version 12.00
# Visual Studio Version 16
VisualStudioVersion = 16.0.30611.23
MinimumVisualStudioVersion = 10.0.40219.1
Project("{FAE04EC0-301F-11D3-BF4B-00C04F79EFBC}") = "AQA 02( example 1) new", "AQA 02( exaple 1) new\AQA 02( example 1) new.csproj", "{878042E2-31D7-4345-8CDC-7F10C4439FF0}"
EndProject
Project("{FAE04EC0-301F-11D3-BF4B-00C04F79EFBC}") = "AQA 02( example 2) new", "..\AQA 02( example 2) new\AQA 02( example 2) new\AQA 02( example 2) new.csproj", "{77F68A5B-58E7-4614-8C13-4B3D8E989A36}"
EndProject
Project("{FAE04EC0-301F-11D3-BF4B-00C04F79EFBC}") = "AQA 02 (example 3) new", "AQA 02 (example 3) new\AQA 02 (example 3) new.csproj", "{8BD527B0-F7FC-4BD9-A49E-683D7EFC489E}"
EndProject
Project("{FAE04EC0-301F-11D3-BF4B-00C04F79EFBC}") = "AQA 02 (exemple 4) new", "AQA 02 (exemple 4) new\AQA 02 (exemple 4) new.csproj", "{2C8474F0-993C-4F48-84D8-F6C016199E40}"
EndProject
Project("{FAE04EC0-301F-11D3-BF4B-00C04F79EFBC}") = "AQA 02 (example 5) new", "AQA 02 (example 5) new\AQA 02 (example 5) new.csproj", "{954E71A9-9350-4320-A772-EFE772E58CF6}"
EndProject
Project("{FAE04EC0-301F-11D3-BF4B-00C04F79EFBC}") = "AQA 02 (example 6) new", "AQA 02 (example 6) new\AQA 02 (example 6) new.csproj", "{B59A8E7D-9862-425C-9FF5-B8B3D0B42A9E}"
EndProject
Project("{FAE04EC0-301F-11D3-BF4B-00C04F79EFBC}") = "AQA 02 (example 7) new", "AQA 02 (example 7) new\AQA 02 (example 7) new.csproj", "{39109B3C-6875-40E8-B925-B9B06AD2D295}"
EndProject
Project("{FAE04EC0-301F-11D3-BF4B-00C04F79EFBC}") = "AQA 02 (example 8) new", "ConsoleApp1\AQA 02 (example 8) new.csproj", "{DEBC6644-98A9-4507-9331-5D550C328382}"
EndProject
Project("{FAE04EC0-301F-11D3-BF4B-00C04F79EFBC}") = "AQA 02(example 9) new", "AQA 02(example 9) new\AQA 02(example 9) new.csproj", "{7D3030F4-E40B-400F-BEED-E00E3D00F7F2}"
EndProject
Project("{FAE04EC0-301F-11D3-BF4B-00C04F79EFBC}") = "AQA 02(example 10) new", "AQA 02(example 10) new\AQA 02(example 10) new.csproj", "{98FA9013-3EAB-4222-89C1-C25ED1E1EDA2}"
EndProject
Project("{FAE04EC0-301F-11D3-BF4B-00C04F79EFBC}") = "AQA 02(example 11) new", "AQA 02(example 11) new\AQA 02(example 11) new.csproj", "{6B58FFC6-FA29-4E05-A8B6-004BB4085AAA}"
EndProject
Global
	GlobalSection(SolutionConfigurationPlatforms) = preSolution
		Debug|Any CPU = Debug|Any CPU
		Release|Any CPU = Release|Any CPU
	EndGlobalSection
	GlobalSection(ProjectConfigurationPlatforms) = postSolution
		{878042E2-31D7-4345-8CDC-7F10C4439FF0}.Debug|Any CPU.ActiveCfg = Debug|Any CPU
		{878042E2-31D7-4345-8CDC-7F10C4439FF0}.Debug|Any CPU.Build.0 = Debug|Any CPU
		{878042E2-31D7-4345-8CDC-7F10C4439FF0}.Release|Any CPU.ActiveCfg = Release|Any CPU
		{878042E2-31D7-4345-8CDC-7F10C4439FF0}.Release|Any CPU.Build.0 = Release|Any CPU
		{77F68A5B-58E7-4614-8C13-4B3D8E989A36}.Debug|Any CPU.ActiveCfg = Debug|Any CPU
		{77F68A5B-58E7-4614-8C13-4B3D8E989A36}.Debug|Any CPU.Build.0 = Debug|Any CPU
		{77F68A5B-58E7-4614-8C13-4B3D8E989A36}.Release|Any CPU.ActiveCfg = Release|Any CPU
		{77F68A5B-58E7-4614-8C13-4B3D8E989A36}.Release|Any CPU.Build.0 = Release|Any CPU
		{8BD527B0-F7FC-4BD9-A49E-683D7EFC489E}.Debug|Any CPU.ActiveCfg = Debug|Any CPU
		{8BD527B0-F7FC-4BD9-A49E-683D7EFC489E}.Debug|Any CPU.Build.0 = Debug|Any CPU
		{8BD527B0-F7FC-4BD9-A49E-683D7EFC489E}.Release|Any CPU.ActiveCfg = Release|Any CPU
		{8BD527B0-F7FC-4BD9-A49E-683D7EFC489E}.Release|Any CPU.Build.0 = Release|Any CPU
		{2C8474F0-993C-4F48-84D8-F6C016199E40}.Debug|Any CPU.ActiveCfg = Debug|Any CPU
		{2C8474F0-993C-4F48-84D8-F6C016199E40}.Debug|Any CPU.Build.0 = Debug|Any CPU
		{2C8474F0-993C-4F48-84D8-F6C016199E40}.Release|Any CPU.ActiveCfg = Release|Any CPU
		{2C8474F0-993C-4F48-84D8-F6C016199E40}.Release|Any CPU.Build.0 = Release|Any CPU
		{954E71A9-9350-4320-A772-EFE772E58CF6}.Debug|Any CPU.ActiveCfg = Debug|Any CPU
		{954E71A9-9350-4320-A772-EFE772E58CF6}.Debug|Any CPU.Build.0 = Debug|Any CPU
		{954E71A9-9350-4320-A772-EFE772E58CF6}.Release|Any CPU.ActiveCfg = Release|Any CPU
		{954E71A9-9350-4320-A772-EFE772E58CF6}.Release|Any CPU.Build.0 = Release|Any CPU
		{B59A8E7D-9862-425C-9FF5-B8B3D0B42A9E}.Debug|Any CPU.ActiveCfg = Debug|Any CPU
		{B59A8E7D-9862-425C-9FF5-B8B3D0B42A9E}.Debug|Any CPU.Build.0 = Debug|Any CPU
		{B59A8E7D-9862-425C-9FF5-B8B3D0B42A9E}.Release|Any CPU.ActiveCfg = Release|Any CPU
		{B59A8E7D-9862-425C-9FF5-B8B3D0B42A9E}.Release|Any CPU.Build.0 = Release|Any CPU
		{39109B3C-6875-40E8-B925-B9B06AD2D295}.Debug|Any CPU.ActiveCfg = Debug|Any CPU
		{39109B3C-6875-40E8-B925-B9B06AD2D295}.Debug|Any CPU.Build.0 = Debug|Any CPU
		{39109B3C-6875-40E8-B925-B9B06AD2D295}.Release|Any CPU.ActiveCfg = Release|Any CPU
		{39109B3C-6875-40E8-B925-B9B06AD2D295}.Release|Any CPU.Build.0 = Release|Any CPU
		{DEBC6644-98A9-4507-9331-5D550C328382}.Debug|Any CPU.ActiveCfg = Debug|Any CPU
		{DEBC6644-98A9-4507-9331-5D550C328382}.Debug|Any CPU.Build.0 = Debug|Any CPU
		{DEBC6644-98A9-4507-9331-5D550C328382}.Release|Any CPU.ActiveCfg = Release|Any CPU
		{DEBC6644-98A9-4507-9331-5D550C328382}.Release|Any CPU.Build.0 = Release|Any CPU
		{7D3030F4-E40B-400F-BEED-E00E3D00F7F2}.Debug|Any CPU.ActiveCfg = Debug|Any CPU
		{7D3030F4-E40B-400F-BEED-E00E3D00F7F2}.Debug|Any CPU.Build.0 = Debug|Any CPU
		{7D3030F4-E40B-400F-BEED-E00E3D00F7F2}.Release|Any CPU.ActiveCfg = Release|Any CPU
		{7D3030F4-E40B-400F-BEED-E00E3D00F7F2}.Release|Any CPU.Build.0 = Release|Any CPU
		{98FA9013-3EAB-4222-89C1-C25ED1E1EDA2}.Debug|Any CPU.ActiveCfg = Debug|Any CPU
		{98FA9013-3EAB-4222-89C1-C25ED1E1EDA2}.Debug|Any CPU.Build.0 = Debug|Any CPU
		{98FA9013-3EAB-4222-89C1-C25ED1E1EDA2}.Release|Any CPU.ActiveCfg = Release|Any CPU
		{98FA9013-3EAB-4222-89C1-C25ED1E1EDA2}.Release|Any CPU.Build.0 = Release|Any CPU
		{6B58FFC6-FA29-4E05-A8B6-004BB4085AAA}.Debug|Any CPU.ActiveCfg = Debug|Any CPU
		{6B58FFC6-FA29-4E05-A8B6-004BB4085AAA}.Debug|Any CPU.Build.0 = Debug|Any CPU
		{6B58FFC6-FA29-4E05-A8B6-004BB4085AAA}.Release|Any CPU.ActiveCfg = Release|Any CPU
		{6B58FFC6-FA29-4E05-A8B6-004BB4085AAA}.Release|Any CPU.Build.0 = Release|Any CPU
	EndGlobalSection
	GlobalSection(SolutionProperties) = preSolution
		HideSolutionNode = FALSE
	EndGlobalSection
	GlobalSection(ExtensibilityGlobals) = postSolution
		SolutionGuid = {7A37E2CD-4C52-4D92-8935-B30020E0FA6F}
	EndGlobalSection
EndGlobal
