
Microsoft Visual Studio Solution File, Format Version 12.00
# Visual Studio Version 16
VisualStudioVersion = 16.0.30611.23
MinimumVisualStudioVersion = 10.0.40219.1
Project("{FAE04EC0-301F-11D3-BF4B-00C04F79EFBC}") = "AQA 02( example 2) new", "AQA 02( example 2) new\AQA 02( example 2) new.csproj", "{77F68A5B-58E7-4614-8C13-4B3D8E989A36}"
EndProject
Global
	GlobalSection(SolutionConfigurationPlatforms) = preSolution
		Debug|Any CPU = Debug|Any CPU
		Release|Any CPU = Release|Any CPU
	EndGlobalSection
	GlobalSection(ProjectConfigurationPlatforms) = postSolution
		{77F68A5B-58E7-4614-8C13-4B3D8E989A36}.Debug|Any CPU.ActiveCfg = Debug|Any CPU
		{77F68A5B-58E7-4614-8C13-4B3D8E989A36}.Debug|Any CPU.Build.0 = Debug|Any CPU
		{77F68A5B-58E7-4614-8C13-4B3D8E989A36}.Release|Any CPU.ActiveCfg = Release|Any CPU
		{77F68A5B-58E7-4614-8C13-4B3D8E989A36}.Release|Any CPU.Build.0 = Release|Any CPU
	EndGlobalSection
	GlobalSection(SolutionProperties) = preSolution
		HideSolutionNode = FALSE
	EndGlobalSection
	GlobalSection(ExtensibilityGlobals) = postSolution
		SolutionGuid = {FD5003A9-61B7-4F8F-8018-3333739E0F62}
	EndGlobalSection
EndGlobal
